
Microsoft Visual Studio Solution File, Format Version 12.00
# Visual Studio Version 16
VisualStudioVersion = 16.0.30128.74
MinimumVisualStudioVersion = 10.0.40219.1
Project("{FAE04EC0-301F-11D3-BF4B-00C04F79EFBC}") = "PTANetBackMVC", "PTANetBackMVC.csproj", "{166BCA81-2BA4-42C1-A251-DBF0C55A5093}"
EndProject
Project("{FAE04EC0-301F-11D3-BF4B-00C04F79EFBC}") = "Infrastructure", "..\Infrastructure\Infrastructure.csproj", "{34CD4579-D79E-4366-A09A-DD8854CF4A18}"
EndProject
Project("{FAE04EC0-301F-11D3-BF4B-00C04F79EFBC}") = "Domain", "..\Domain\Domain.csproj", "{F6FAF3C6-916F-473D-87D0-8324DF7A78EB}"
EndProject
Global
	GlobalSection(SolutionConfigurationPlatforms) = preSolution
		Debug|Any CPU = Debug|Any CPU
		Release|Any CPU = Release|Any CPU
	EndGlobalSection
	GlobalSection(ProjectConfigurationPlatforms) = postSolution
		{166BCA81-2BA4-42C1-A251-DBF0C55A5093}.Debug|Any CPU.ActiveCfg = Debug|Any CPU
		{166BCA81-2BA4-42C1-A251-DBF0C55A5093}.Debug|Any CPU.Build.0 = Debug|Any CPU
		{166BCA81-2BA4-42C1-A251-DBF0C55A5093}.Release|Any CPU.ActiveCfg = Release|Any CPU
		{166BCA81-2BA4-42C1-A251-DBF0C55A5093}.Release|Any CPU.Build.0 = Release|Any CPU
		{34CD4579-D79E-4366-A09A-DD8854CF4A18}.Debug|Any CPU.ActiveCfg = Debug|Any CPU
		{34CD4579-D79E-4366-A09A-DD8854CF4A18}.Debug|Any CPU.Build.0 = Debug|Any CPU
		{34CD4579-D79E-4366-A09A-DD8854CF4A18}.Release|Any CPU.ActiveCfg = Release|Any CPU
		{34CD4579-D79E-4366-A09A-DD8854CF4A18}.Release|Any CPU.Build.0 = Release|Any CPU
		{F6FAF3C6-916F-473D-87D0-8324DF7A78EB}.Debug|Any CPU.ActiveCfg = Debug|Any CPU
		{F6FAF3C6-916F-473D-87D0-8324DF7A78EB}.Debug|Any CPU.Build.0 = Debug|Any CPU
		{F6FAF3C6-916F-473D-87D0-8324DF7A78EB}.Release|Any CPU.ActiveCfg = Release|Any CPU
		{F6FAF3C6-916F-473D-87D0-8324DF7A78EB}.Release|Any CPU.Build.0 = Release|Any CPU
	EndGlobalSection
	GlobalSection(SolutionProperties) = preSolution
		HideSolutionNode = FALSE
	EndGlobalSection
	GlobalSection(ExtensibilityGlobals) = postSolution
		SolutionGuid = {FC4E7B4B-11DB-45CE-9EAD-A6103D1CA3B2}
	EndGlobalSection
EndGlobal
